// !$*UTF8*$!
{
	archiveVersion = 1;
	classes = {
	};
	objectVersion = 50;
	objects = {

/* Begin PBXBuildFile section */
		043E8F5821FAA0920018C2CB /* MainMotionVC.m in Sources */ = {isa = PBXBuildFile; fileRef = 043E8F5721FAA0920018C2CB /* MainMotionVC.m */; };
		043E8F6121FABF930018C2CB /* SantaClaus.png in Resources */ = {isa = PBXBuildFile; fileRef = 043E8F6021FABF930018C2CB /* SantaClaus.png */; };
		0452E9E721F80EB600769FF0 /* 角速度坐标轴示意图.png in Resources */ = {isa = PBXBuildFile; fileRef = 0452E9E621F80EB600769FF0 /* 角速度坐标轴示意图.png */; };
		0452E9E921F80EBB00769FF0 /* 加速度坐标轴示意图.png in Resources */ = {isa = PBXBuildFile; fileRef = 0452E9E821F80EBB00769FF0 /* 加速度坐标轴示意图.png */; };
		0452E9EC21F86BB200769FF0 /* LightSensorVC.m in Sources */ = {isa = PBXBuildFile; fileRef = 0452E9EB21F86BB200769FF0 /* LightSensorVC.m */; };
		0492430F21F7193100BE515F /* AppDelegate.m in Sources */ = {isa = PBXBuildFile; fileRef = 0492430E21F7193100BE515F /* AppDelegate.m */; };
		0492431221F7193100BE515F /* AccelerationVC.m in Sources */ = {isa = PBXBuildFile; fileRef = 0492431121F7193100BE515F /* AccelerationVC.m */; };
		0492431521F7193200BE515F /* Main.storyboard in Resources */ = {isa = PBXBuildFile; fileRef = 0492431321F7193200BE515F /* Main.storyboard */; };
		0492431721F7194200BE515F /* Assets.xcassets in Resources */ = {isa = PBXBuildFile; fileRef = 0492431621F7194200BE515F /* Assets.xcassets */; };
		0492431A21F7194200BE515F /* LaunchScreen.storyboard in Resources */ = {isa = PBXBuildFile; fileRef = 0492431821F7194200BE515F /* LaunchScreen.storyboard */; };
		0492431D21F7194200BE515F /* main.m in Sources */ = {isa = PBXBuildFile; fileRef = 0492431C21F7194200BE515F /* main.m */; };
		0492432721F7194200BE515F /* ___Tests.m in Sources */ = {isa = PBXBuildFile; fileRef = 0492432621F7194200BE515F /* ___Tests.m */; };
		0492433221F7194200BE515F /* ___UITests.m in Sources */ = {isa = PBXBuildFile; fileRef = 0492433121F7194200BE515F /* ___UITests.m */; };
		049954E421F95F660030CD00 /* DistanceVC.m in Sources */ = {isa = PBXBuildFile; fileRef = 049954E321F95F660030CD00 /* DistanceVC.m */; };
		049954E721F98F110030CD00 /* StepCountVC.m in Sources */ = {isa = PBXBuildFile; fileRef = 049954E621F98F110030CD00 /* StepCountVC.m */; };
/* End PBXBuildFile section */

/* Begin PBXContainerItemProxy section */
		0492432321F7194200BE515F /* PBXContainerItemProxy */ = {
			isa = PBXContainerItemProxy;
			containerPortal = 0492430221F7193100BE515F /* Project object */;
			proxyType = 1;
			remoteGlobalIDString = 0492430921F7193100BE515F;
			remoteInfo = "传感器";
		};
		0492432E21F7194200BE515F /* PBXContainerItemProxy */ = {
			isa = PBXContainerItemProxy;
			containerPortal = 0492430221F7193100BE515F /* Project object */;
			proxyType = 1;
			remoteGlobalIDString = 0492430921F7193100BE515F;
			remoteInfo = "传感器";
		};
/* End PBXContainerItemProxy section */

/* Begin PBXFileReference section */
		043E8F5621FAA0920018C2CB /* MainMotionVC.h */ = {isa = PBXFileReference; lastKnownFileType = sourcecode.c.h; path = MainMotionVC.h; sourceTree = "<group>"; };
		043E8F5721FAA0920018C2CB /* MainMotionVC.m */ = {isa = PBXFileReference; lastKnownFileType = sourcecode.c.objc; path = MainMotionVC.m; sourceTree = "<group>"; };
		043E8F6021FABF930018C2CB /* SantaClaus.png */ = {isa = PBXFileReference; lastKnownFileType = image.png; path = SantaClaus.png; sourceTree = "<group>"; };
		0452E9E621F80EB600769FF0 /* 角速度坐标轴示意图.png */ = {isa = PBXFileReference; lastKnownFileType = image.png; path = "角速度坐标轴示意图.png"; sourceTree = "<group>"; };
		0452E9E821F80EBB00769FF0 /* 加速度坐标轴示意图.png */ = {isa = PBXFileReference; lastKnownFileType = image.png; path = "加速度坐标轴示意图.png"; sourceTree = "<group>"; };
		0452E9EA21F86BB200769FF0 /* LightSensorVC.h */ = {isa = PBXFileReference; lastKnownFileType = sourcecode.c.h; path = LightSensorVC.h; sourceTree = "<group>"; };
		0452E9EB21F86BB200769FF0 /* LightSensorVC.m */ = {isa = PBXFileReference; lastKnownFileType = sourcecode.c.objc; path = LightSensorVC.m; sourceTree = "<group>"; };
		0492430A21F7193100BE515F /* 传感器.app */ = {isa = PBXFileReference; explicitFileType = wrapper.application; includeInIndex = 0; path = "传感器.app"; sourceTree = BUILT_PRODUCTS_DIR; };
		0492430D21F7193100BE515F /* AppDelegate.h */ = {isa = PBXFileReference; lastKnownFileType = sourcecode.c.h; path = AppDelegate.h; sourceTree = "<group>"; };
		0492430E21F7193100BE515F /* AppDelegate.m */ = {isa = PBXFileReference; lastKnownFileType = sourcecode.c.objc; path = AppDelegate.m; sourceTree = "<group>"; };
		0492431021F7193100BE515F /* AccelerationVC.h */ = {isa = PBXFileReference; lastKnownFileType = sourcecode.c.h; path = AccelerationVC.h; sourceTree = "<group>"; };
		0492431121F7193100BE515F /* AccelerationVC.m */ = {isa = PBXFileReference; lastKnownFileType = sourcecode.c.objc; path = AccelerationVC.m; sourceTree = "<group>"; };
		0492431421F7193200BE515F /* Base */ = {isa = PBXFileReference; lastKnownFileType = file.storyboard; name = Base; path = Base.lproj/Main.storyboard; sourceTree = "<group>"; };
		0492431621F7194200BE515F /* Assets.xcassets */ = {isa = PBXFileReference; lastKnownFileType = folder.assetcatalog; path = Assets.xcassets; sourceTree = "<group>"; };
		0492431921F7194200BE515F /* Base */ = {isa = PBXFileReference; lastKnownFileType = file.storyboard; name = Base; path = Base.lproj/LaunchScreen.storyboard; sourceTree = "<group>"; };
		0492431B21F7194200BE515F /* Info.plist */ = {isa = PBXFileReference; lastKnownFileType = text.plist.xml; path = Info.plist; sourceTree = "<group>"; };
		0492431C21F7194200BE515F /* main.m */ = {isa = PBXFileReference; lastKnownFileType = sourcecode.c.objc; path = main.m; sourceTree = "<group>"; };
		0492432221F7194200BE515F /* 传感器Tests.xctest */ = {isa = PBXFileReference; explicitFileType = wrapper.cfbundle; includeInIndex = 0; path = "传感器Tests.xctest"; sourceTree = BUILT_PRODUCTS_DIR; };
		0492432621F7194200BE515F /* ___Tests.m */ = {isa = PBXFileReference; lastKnownFileType = sourcecode.c.objc; path = "___Tests.m"; sourceTree = "<group>"; };
		0492432821F7194200BE515F /* Info.plist */ = {isa = PBXFileReference; lastKnownFileType = text.plist.xml; path = Info.plist; sourceTree = "<group>"; };
		0492432D21F7194200BE515F /* 传感器UITests.xctest */ = {isa = PBXFileReference; explicitFileType = wrapper.cfbundle; includeInIndex = 0; path = "传感器UITests.xctest"; sourceTree = BUILT_PRODUCTS_DIR; };
		0492433121F7194200BE515F /* ___UITests.m */ = {isa = PBXFileReference; lastKnownFileType = sourcecode.c.objc; path = "___UITests.m"; sourceTree = "<group>"; };
		0492433321F7194200BE515F /* Info.plist */ = {isa = PBXFileReference; lastKnownFileType = text.plist.xml; path = Info.plist; sourceTree = "<group>"; };
		049954E221F95F660030CD00 /* DistanceVC.h */ = {isa = PBXFileReference; lastKnownFileType = sourcecode.c.h; path = DistanceVC.h; sourceTree = "<group>"; };
		049954E321F95F660030CD00 /* DistanceVC.m */ = {isa = PBXFileReference; lastKnownFileType = sourcecode.c.objc; path = DistanceVC.m; sourceTree = "<group>"; };
		049954E521F98F110030CD00 /* StepCountVC.h */ = {isa = PBXFileReference; lastKnownFileType = sourcecode.c.h; path = StepCountVC.h; sourceTree = "<group>"; };
		049954E621F98F110030CD00 /* StepCountVC.m */ = {isa = PBXFileReference; lastKnownFileType = sourcecode.c.objc; path = StepCountVC.m; sourceTree = "<group>"; };
/* End PBXFileReference section */

/* Begin PBXFrameworksBuildPhase section */
		0492430721F7193100BE515F /* Frameworks */ = {
			isa = PBXFrameworksBuildPhase;
			buildActionMask = 2147483647;
			files = (
			);
			runOnlyForDeploymentPostprocessing = 0;
		};
		0492431F21F7194200BE515F /* Frameworks */ = {
			isa = PBXFrameworksBuildPhase;
			buildActionMask = 2147483647;
			files = (
			);
			runOnlyForDeploymentPostprocessing = 0;
		};
		0492432A21F7194200BE515F /* Frameworks */ = {
			isa = PBXFrameworksBuildPhase;
			buildActionMask = 2147483647;
			files = (
			);
			runOnlyForDeploymentPostprocessing = 0;
		};
/* End PBXFrameworksBuildPhase section */

/* Begin PBXGroup section */
		043E8F5921FAA1EB0018C2CB /* 距离传感器 */ = {
			isa = PBXGroup;
			children = (
				049954E221F95F660030CD00 /* DistanceVC.h */,
				049954E321F95F660030CD00 /* DistanceVC.m */,
			);
			path = "距离传感器";
			sourceTree = "<group>";
		};
		043E8F5A21FAA1FF0018C2CB /* 光线传感器 */ = {
			isa = PBXGroup;
			children = (
				0452E9EA21F86BB200769FF0 /* LightSensorVC.h */,
				0452E9EB21F86BB200769FF0 /* LightSensorVC.m */,
			);
			path = "光线传感器";
			sourceTree = "<group>";
		};
		043E8F5B21FAA28C0018C2CB /* 计步器 */ = {
			isa = PBXGroup;
			children = (
				049954E521F98F110030CD00 /* StepCountVC.h */,
				049954E621F98F110030CD00 /* StepCountVC.m */,
			);
			path = "计步器";
			sourceTree = "<group>";
		};
		043E8F5C21FAA2B20018C2CB /* 加速计 | 陀螺仪 | 磁力计 */ = {
			isa = PBXGroup;
			children = (
				0492431021F7193100BE515F /* AccelerationVC.h */,
				0492431121F7193100BE515F /* AccelerationVC.m */,
				043E8F6021FABF930018C2CB /* SantaClaus.png */,
				043E8F5621FAA0920018C2CB /* MainMotionVC.h */,
				043E8F5721FAA0920018C2CB /* MainMotionVC.m */,
			);
			path = "加速计 | 陀螺仪 | 磁力计";
			sourceTree = "<group>";
		};
		0452E9E521F7F6FE00769FF0 /* Others */ = {
			isa = PBXGroup;
			children = (
				0492430D21F7193100BE515F /* AppDelegate.h */,
				0492430E21F7193100BE515F /* AppDelegate.m */,
				0492431621F7194200BE515F /* Assets.xcassets */,
				0492431821F7194200BE515F /* LaunchScreen.storyboard */,
				0492431C21F7194200BE515F /* main.m */,
			);
			path = Others;
			sourceTree = "<group>";
		};
		0492430121F7193100BE515F = {
			isa = PBXGroup;
			children = (
				0492430C21F7193100BE515F /* 传感器 */,
				0492432521F7194200BE515F /* 传感器Tests */,
				0492433021F7194200BE515F /* 传感器UITests */,
				0492430B21F7193100BE515F /* Products */,
			);
			sourceTree = "<group>";
		};
		0492430B21F7193100BE515F /* Products */ = {
			isa = PBXGroup;
			children = (
				0492430A21F7193100BE515F /* 传感器.app */,
				0492432221F7194200BE515F /* 传感器Tests.xctest */,
				0492432D21F7194200BE515F /* 传感器UITests.xctest */,
			);
			name = Products;
			sourceTree = "<group>";
		};
		0492430C21F7193100BE515F /* 传感器 */ = {
			isa = PBXGroup;
			children = (
				0492431321F7193200BE515F /* Main.storyboard */,
				043E8F5921FAA1EB0018C2CB /* 距离传感器 */,
				043E8F5A21FAA1FF0018C2CB /* 光线传感器 */,
				043E8F5B21FAA28C0018C2CB /* 计步器 */,
				043E8F5C21FAA2B20018C2CB /* 加速计 | 陀螺仪 | 磁力计 */,
				0492431B21F7194200BE515F /* Info.plist */,
				0452E9E821F80EBB00769FF0 /* 加速度坐标轴示意图.png */,
				0452E9E621F80EB600769FF0 /* 角速度坐标轴示意图.png */,
				0452E9E521F7F6FE00769FF0 /* Others */,
			);
			path = "传感器";
			sourceTree = "<group>";
		};
		0492432521F7194200BE515F /* 传感器Tests */ = {
			isa = PBXGroup;
			children = (
				0492432621F7194200BE515F /* ___Tests.m */,
				0492432821F7194200BE515F /* Info.plist */,
			);
			path = "传感器Tests";
			sourceTree = "<group>";
		};
		0492433021F7194200BE515F /* 传感器UITests */ = {
			isa = PBXGroup;
			children = (
				0492433121F7194200BE515F /* ___UITests.m */,
				0492433321F7194200BE515F /* Info.plist */,
			);
			path = "传感器UITests";
			sourceTree = "<group>";
		};
/* End PBXGroup section */

/* Begin PBXNativeTarget section */
		0492430921F7193100BE515F /* 传感器 */ = {
			isa = PBXNativeTarget;
			buildConfigurationList = 0492433621F7194200BE515F /* Build configuration list for PBXNativeTarget "传感器" */;
			buildPhases = (
				0492430621F7193100BE515F /* Sources */,
				0492430721F7193100BE515F /* Frameworks */,
				0492430821F7193100BE515F /* Resources */,
			);
			buildRules = (
			);
			dependencies = (
			);
			name = "传感器";
			productName = "传感器";
			productReference = 0492430A21F7193100BE515F /* 传感器.app */;
			productType = "com.apple.product-type.application";
		};
		0492432121F7194200BE515F /* 传感器Tests */ = {
			isa = PBXNativeTarget;
			buildConfigurationList = 0492433921F7194200BE515F /* Build configuration list for PBXNativeTarget "传感器Tests" */;
			buildPhases = (
				0492431E21F7194200BE515F /* Sources */,
				0492431F21F7194200BE515F /* Frameworks */,
				0492432021F7194200BE515F /* Resources */,
			);
			buildRules = (
			);
			dependencies = (
				0492432421F7194200BE515F /* PBXTargetDependency */,
			);
			name = "传感器Tests";
			productName = "传感器Tests";
			productReference = 0492432221F7194200BE515F /* 传感器Tests.xctest */;
			productType = "com.apple.product-type.bundle.unit-test";
		};
		0492432C21F7194200BE515F /* 传感器UITests */ = {
			isa = PBXNativeTarget;
			buildConfigurationList = 0492433C21F7194200BE515F /* Build configuration list for PBXNativeTarget "传感器UITests" */;
			buildPhases = (
				0492432921F7194200BE515F /* Sources */,
				0492432A21F7194200BE515F /* Frameworks */,
				0492432B21F7194200BE515F /* Resources */,
			);
			buildRules = (
			);
			dependencies = (
				0492432F21F7194200BE515F /* PBXTargetDependency */,
			);
			name = "传感器UITests";
			productName = "传感器UITests";
			productReference = 0492432D21F7194200BE515F /* 传感器UITests.xctest */;
			productType = "com.apple.product-type.bundle.ui-testing";
		};
/* End PBXNativeTarget section */

/* Begin PBXProject section */
		0492430221F7193100BE515F /* Project object */ = {
			isa = PBXProject;
			attributes = {
				LastUpgradeCheck = 1000;
				ORGANIZATIONNAME = DuWenliang;
				TargetAttributes = {
					0492430921F7193100BE515F = {
						CreatedOnToolsVersion = 10.0;
					};
					0492432121F7194200BE515F = {
						CreatedOnToolsVersion = 10.0;
						TestTargetID = 0492430921F7193100BE515F;
					};
					0492432C21F7194200BE515F = {
						CreatedOnToolsVersion = 10.0;
						TestTargetID = 0492430921F7193100BE515F;
					};
				};
			};
			buildConfigurationList = 0492430521F7193100BE515F /* Build configuration list for PBXProject "传感器" */;
			compatibilityVersion = "Xcode 9.3";
			developmentRegion = en;
			hasScannedForEncodings = 0;
			knownRegions = (
				en,
				Base,
			);
			mainGroup = 0492430121F7193100BE515F;
			productRefGroup = 0492430B21F7193100BE515F /* Products */;
			projectDirPath = "";
			projectRoot = "";
			targets = (
				0492430921F7193100BE515F /* 传感器 */,
				0492432121F7194200BE515F /* 传感器Tests */,
				0492432C21F7194200BE515F /* 传感器UITests */,
			);
		};
/* End PBXProject section */

/* Begin PBXResourcesBuildPhase section */
		0492430821F7193100BE515F /* Resources */ = {
			isa = PBXResourcesBuildPhase;
			buildActionMask = 2147483647;
			files = (
				043E8F6121FABF930018C2CB /* SantaClaus.png in Resources */,
				0492431A21F7194200BE515F /* LaunchScreen.storyboard in Resources */,
				0452E9E721F80EB600769FF0 /* 角速度坐标轴示意图.png in Resources */,
				0492431721F7194200BE515F /* Assets.xcassets in Resources */,
				0492431521F7193200BE515F /* Main.storyboard in Resources */,
				0452E9E921F80EBB00769FF0 /* 加速度坐标轴示意图.png in Resources */,
			);
			runOnlyForDeploymentPostprocessing = 0;
		};
		0492432021F7194200BE515F /* Resources */ = {
			isa = PBXResourcesBuildPhase;
			buildActionMask = 2147483647;
			files = (
			);
			runOnlyForDeploymentPostprocessing = 0;
		};
		0492432B21F7194200BE515F /* Resources */ = {
			isa = PBXResourcesBuildPhase;
			buildActionMask = 2147483647;
			files = (
			);
			runOnlyForDeploymentPostprocessing = 0;
		};
/* End PBXResourcesBuildPhase section */

/* Begin PBXSourcesBuildPhase section */
		0492430621F7193100BE515F /* Sources */ = {
			isa = PBXSourcesBuildPhase;
			buildActionMask = 2147483647;
			files = (
				049954E421F95F660030CD00 /* DistanceVC.m in Sources */,
				0492431221F7193100BE515F /* AccelerationVC.m in Sources */,
				049954E721F98F110030CD00 /* StepCountVC.m in Sources */,
				0452E9EC21F86BB200769FF0 /* LightSensorVC.m in Sources */,
				0492431D21F7194200BE515F /* main.m in Sources */,
				0492430F21F7193100BE515F /* AppDelegate.m in Sources */,
				043E8F5821FAA0920018C2CB /* MainMotionVC.m in Sources */,
			);
			runOnlyForDeploymentPostprocessing = 0;
		};
		0492431E21F7194200BE515F /* Sources */ = {
			isa = PBXSourcesBuildPhase;
			buildActionMask = 2147483647;
			files = (
				0492432721F7194200BE515F /* ___Tests.m in Sources */,
			);
			runOnlyForDeploymentPostprocessing = 0;
		};
		0492432921F7194200BE515F /* Sources */ = {
			isa = PBXSourcesBuildPhase;
			buildActionMask = 2147483647;
			files = (
				0492433221F7194200BE515F /* ___UITests.m in Sources */,
			);
			runOnlyForDeploymentPostprocessing = 0;
		};
/* End PBXSourcesBuildPhase section */

/* Begin PBXTargetDependency section */
		0492432421F7194200BE515F /* PBXTargetDependency */ = {
			isa = PBXTargetDependency;
			target = 0492430921F7193100BE515F /* 传感器 */;
			targetProxy = 0492432321F7194200BE515F /* PBXContainerItemProxy */;
		};
		0492432F21F7194200BE515F /* PBXTargetDependency */ = {
			isa = PBXTargetDependency;
			target = 0492430921F7193100BE515F /* 传感器 */;
			targetProxy = 0492432E21F7194200BE515F /* PBXContainerItemProxy */;
		};
/* End PBXTargetDependency section */

/* Begin PBXVariantGroup section */
		0492431321F7193200BE515F /* Main.storyboard */ = {
			isa = PBXVariantGroup;
			children = (
				0492431421F7193200BE515F /* Base */,
			);
			name = Main.storyboard;
			sourceTree = "<group>";
		};
		0492431821F7194200BE515F /* LaunchScreen.storyboard */ = {
			isa = PBXVariantGroup;
			children = (
				0492431921F7194200BE515F /* Base */,
			);
			name = LaunchScreen.storyboard;
			sourceTree = "<group>";
		};
/* End PBXVariantGroup section */

/* Begin XCBuildConfiguration section */
		0492433421F7194200BE515F /* Debug */ = {
			isa = XCBuildConfiguration;
			buildSettings = {
				ALWAYS_SEARCH_USER_PATHS = NO;
				CLANG_ANALYZER_NONNULL = YES;
				CLANG_ANALYZER_NUMBER_OBJECT_CONVERSION = YES_AGGRESSIVE;
				CLANG_CXX_LANGUAGE_STANDARD = "gnu++14";
				CLANG_CXX_LIBRARY = "libc++";
				CLANG_ENABLE_MODULES = YES;
				CLANG_ENABLE_OBJC_ARC = YES;
				CLANG_ENABLE_OBJC_WEAK = YES;
				CLANG_WARN_BLOCK_CAPTURE_AUTORELEASING = YES;
				CLANG_WARN_BOOL_CONVERSION = YES;
				CLANG_WARN_COMMA = YES;
				CLANG_WARN_CONSTANT_CONVERSION = YES;
				CLANG_WARN_DEPRECATED_OBJC_IMPLEMENTATIONS = YES;
				CLANG_WARN_DIRECT_OBJC_ISA_USAGE = YES_ERROR;
				CLANG_WARN_DOCUMENTATION_COMMENTS = YES;
				CLANG_WARN_EMPTY_BODY = YES;
				CLANG_WARN_ENUM_CONVERSION = YES;
				CLANG_WARN_INFINITE_RECURSION = YES;
				CLANG_WARN_INT_CONVERSION = YES;
				CLANG_WARN_NON_LITERAL_NULL_CONVERSION = YES;
				CLANG_WARN_OBJC_IMPLICIT_RETAIN_SELF = YES;
				CLANG_WARN_OBJC_LITERAL_CONVERSION = YES;
				CLANG_WARN_OBJC_ROOT_CLASS = YES_ERROR;
				CLANG_WARN_RANGE_LOOP_ANALYSIS = YES;
				CLANG_WARN_STRICT_PROTOTYPES = YES;
				CLANG_WARN_SUSPICIOUS_MOVE = YES;
				CLANG_WARN_UNGUARDED_AVAILABILITY = YES_AGGRESSIVE;
				CLANG_WARN_UNREACHABLE_CODE = YES;
				CLANG_WARN__DUPLICATE_METHOD_MATCH = YES;
				CODE_SIGN_IDENTITY = "iPhone Developer";
				COPY_PHASE_STRIP = NO;
				DEBUG_INFORMATION_FORMAT = dwarf;
				ENABLE_STRICT_OBJC_MSGSEND = YES;
				ENABLE_TESTABILITY = YES;
				GCC_C_LANGUAGE_STANDARD = gnu11;
				GCC_DYNAMIC_NO_PIC = NO;
				GCC_NO_COMMON_BLOCKS = YES;
				GCC_OPTIMIZATION_LEVEL = 0;
				GCC_PREPROCESSOR_DEFINITIONS = (
					"DEBUG=1",
					"$(inherited)",
				);
				GCC_WARN_64_TO_32_BIT_CONVERSION = YES;
				GCC_WARN_ABOUT_RETURN_TYPE = YES_ERROR;
				GCC_WARN_UNDECLARED_SELECTOR = YES;
				GCC_WARN_UNINITIALIZED_AUTOS = YES_AGGRESSIVE;
				GCC_WARN_UNUSED_FUNCTION = YES;
				GCC_WARN_UNUSED_VARIABLE = YES;
				IPHONEOS_DEPLOYMENT_TARGET = 12.0;
				MTL_ENABLE_DEBUG_INFO = INCLUDE_SOURCE;
				MTL_FAST_MATH = YES;
				ONLY_ACTIVE_ARCH = YES;
				SDKROOT = iphoneos;
			};
			name = Debug;
		};
		0492433521F7194200BE515F /* Release */ = {
			isa = XCBuildConfiguration;
			buildSettings = {
				ALWAYS_SEARCH_USER_PATHS = NO;
				CLANG_ANALYZER_NONNULL = YES;
				CLANG_ANALYZER_NUMBER_OBJECT_CONVERSION = YES_AGGRESSIVE;
				CLANG_CXX_LANGUAGE_STANDARD = "gnu++14";
				CLANG_CXX_LIBRARY = "libc++";
				CLANG_ENABLE_MODULES = YES;
				CLANG_ENABLE_OBJC_ARC = YES;
				CLANG_ENABLE_OBJC_WEAK = YES;
				CLANG_WARN_BLOCK_CAPTURE_AUTORELEASING = YES;
				CLANG_WARN_BOOL_CONVERSION = YES;
				CLANG_WARN_COMMA = YES;
				CLANG_WARN_CONSTANT_CONVERSION = YES;
				CLANG_WARN_DEPRECATED_OBJC_IMPLEMENTATIONS = YES;
				CLANG_WARN_DIRECT_OBJC_ISA_USAGE = YES_ERROR;
				CLANG_WARN_DOCUMENTATION_COMMENTS = YES;
				CLANG_WARN_EMPTY_BODY = YES;
				CLANG_WARN_ENUM_CONVERSION = YES;
				CLANG_WARN_INFINITE_RECURSION = YES;
				CLANG_WARN_INT_CONVERSION = YES;
				CLANG_WARN_NON_LITERAL_NULL_CONVERSION = YES;
				CLANG_WARN_OBJC_IMPLICIT_RETAIN_SELF = YES;
				CLANG_WARN_OBJC_LITERAL_CONVERSION = YES;
				CLANG_WARN_OBJC_ROOT_CLASS = YES_ERROR;
				CLANG_WARN_RANGE_LOOP_ANALYSIS = YES;
				CLANG_WARN_STRICT_PROTOTYPES = YES;
				CLANG_WARN_SUSPICIOUS_MOVE = YES;
				CLANG_WARN_UNGUARDED_AVAILABILITY = YES_AGGRESSIVE;
				CLANG_WARN_UNREACHABLE_CODE = YES;
				CLANG_WARN__DUPLICATE_METHOD_MATCH = YES;
				CODE_SIGN_IDENTITY = "iPhone Developer";
				COPY_PHASE_STRIP = NO;
				DEBUG_INFORMATION_FORMAT = "dwarf-with-dsym";
				ENABLE_NS_ASSERTIONS = NO;
				ENABLE_STRICT_OBJC_MSGSEND = YES;
				GCC_C_LANGUAGE_STANDARD = gnu11;
				GCC_NO_COMMON_BLOCKS = YES;
				GCC_WARN_64_TO_32_BIT_CONVERSION = YES;
				GCC_WARN_ABOUT_RETURN_TYPE = YES_ERROR;
				GCC_WARN_UNDECLARED_SELECTOR = YES;
				GCC_WARN_UNINITIALIZED_AUTOS = YES_AGGRESSIVE;
				GCC_WARN_UNUSED_FUNCTION = YES;
				GCC_WARN_UNUSED_VARIABLE = YES;
				IPHONEOS_DEPLOYMENT_TARGET = 12.0;
				MTL_ENABLE_DEBUG_INFO = NO;
				MTL_FAST_MATH = YES;
				SDKROOT = iphoneos;
				VALIDATE_PRODUCT = YES;
			};
			name = Release;
		};
		0492433721F7194200BE515F /* Debug */ = {
			isa = XCBuildConfiguration;
			buildSettings = {
				ASSETCATALOG_COMPILER_APPICON_NAME = AppIcon;
				CODE_SIGN_STYLE = Automatic;
				DEVELOPMENT_TEAM = 8MCBLL5HW5;
				INFOPLIST_FILE = "传感器/Info.plist";
				IPHONEOS_DEPLOYMENT_TARGET = 10.0;
				LD_RUNPATH_SEARCH_PATHS = (
					"$(inherited)",
					"@executable_path/Frameworks",
				);
				PRODUCT_BUNDLE_IDENTIFIER = "com.cnki.---";
				PRODUCT_NAME = "$(TARGET_NAME)";
				TARGETED_DEVICE_FAMILY = "1,2";
			};
			name = Debug;
		};
		0492433821F7194200BE515F /* Release */ = {
			isa = XCBuildConfiguration;
			buildSettings = {
				ASSETCATALOG_COMPILER_APPICON_NAME = AppIcon;
				CODE_SIGN_STYLE = Automatic;
				DEVELOPMENT_TEAM = 8MCBLL5HW5;
				INFOPLIST_FILE = "传感器/Info.plist";
				IPHONEOS_DEPLOYMENT_TARGET = 10.0;
				LD_RUNPATH_SEARCH_PATHS = (
					"$(inherited)",
					"@executable_path/Frameworks",
				);
				PRODUCT_BUNDLE_IDENTIFIER = "com.cnki.---";
				PRODUCT_NAME = "$(TARGET_NAME)";
				TARGETED_DEVICE_FAMILY = "1,2";
			};
			name = Release;
		};
		0492433A21F7194200BE515F /* Debug */ = {
			isa = XCBuildConfiguration;
			buildSettings = {
				BUNDLE_LOADER = "$(TEST_HOST)";
				CODE_SIGN_STYLE = Automatic;
				INFOPLIST_FILE = "传感器Tests/Info.plist";
				LD_RUNPATH_SEARCH_PATHS = (
					"$(inherited)",
					"@executable_path/Frameworks",
					"@loader_path/Frameworks",
				);
				PRODUCT_BUNDLE_IDENTIFIER = "com.cnki.---Tests";
				PRODUCT_NAME = "$(TARGET_NAME)";
				TARGETED_DEVICE_FAMILY = "1,2";
				TEST_HOST = "$(BUILT_PRODUCTS_DIR)/传感器.app/传感器";
			};
			name = Debug;
		};
		0492433B21F7194200BE515F /* Release */ = {
			isa = XCBuildConfiguration;
			buildSettings = {
				BUNDLE_LOADER = "$(TEST_HOST)";
				CODE_SIGN_STYLE = Automatic;
				INFOPLIST_FILE = "传感器Tests/Info.plist";
				LD_RUNPATH_SEARCH_PATHS = (
					"$(inherited)",
					"@executable_path/Frameworks",
					"@loader_path/Frameworks",
				);
				PRODUCT_BUNDLE_IDENTIFIER = "com.cnki.---Tests";
				PRODUCT_NAME = "$(TARGET_NAME)";
				TARGETED_DEVICE_FAMILY = "1,2";
				TEST_HOST = "$(BUILT_PRODUCTS_DIR)/传感器.app/传感器";
			};
			name = Release;
		};
		0492433D21F7194200BE515F /* Debug */ = {
			isa = XCBuildConfiguration;
			buildSettings = {
				CODE_SIGN_STYLE = Automatic;
				INFOPLIST_FILE = "传感器UITests/Info.plist";
				LD_RUNPATH_SEARCH_PATHS = (
					"$(inherited)",
					"@executable_path/Frameworks",
					"@loader_path/Frameworks",
				);
				PRODUCT_BUNDLE_IDENTIFIER = "com.cnki.---UITests";
				PRODUCT_NAME = "$(TARGET_NAME)";
				TARGETED_DEVICE_FAMILY = "1,2";
				TEST_TARGET_NAME = "传感器";
			};
			name = Debug;
		};
		0492433E21F7194200BE515F /* Release */ = {
			isa = XCBuildConfiguration;
			buildSettings = {
				CODE_SIGN_STYLE = Automatic;
				INFOPLIST_FILE = "传感器UITests/Info.plist";
				LD_RUNPATH_SEARCH_PATHS = (
					"$(inherited)",
					"@executable_path/Frameworks",
					"@loader_path/Frameworks",
				);
				PRODUCT_BUNDLE_IDENTIFIER = "com.cnki.---UITests";
				PRODUCT_NAME = "$(TARGET_NAME)";
				TARGETED_DEVICE_FAMILY = "1,2";
				TEST_TARGET_NAME = "传感器";
			};
			name = Release;
		};
/* End XCBuildConfiguration section */

/* Begin XCConfigurationList section */
		0492430521F7193100BE515F /* Build configuration list for PBXProject "传感器" */ = {
			isa = XCConfigurationList;
			buildConfigurations = (
				0492433421F7194200BE515F /* Debug */,
				0492433521F7194200BE515F /* Release */,
			);
			defaultConfigurationIsVisible = 0;
			defaultConfigurationName = Release;
		};
		0492433621F7194200BE515F /* Build configuration list for PBXNativeTarget "传感器" */ = {
			isa = XCConfigurationList;
			buildConfigurations = (
				0492433721F7194200BE515F /* Debug */,
				0492433821F7194200BE515F /* Release */,
			);
			defaultConfigurationIsVisible = 0;
			defaultConfigurationName = Release;
		};
		0492433921F7194200BE515F /* Build configuration list for PBXNativeTarget "传感器Tests" */ = {
			isa = XCConfigurationList;
			buildConfigurations = (
				0492433A21F7194200BE515F /* Debug */,
				0492433B21F7194200BE515F /* Release */,
			);
			defaultConfigurationIsVisible = 0;
			defaultConfigurationName = Release;
		};
		0492433C21F7194200BE515F /* Build configuration list for PBXNativeTarget "传感器UITests" */ = {
			isa = XCConfigurationList;
			buildConfigurations = (
				0492433D21F7194200BE515F /* Debug */,
				0492433E21F7194200BE515F /* Release */,
			);
			defaultConfigurationIsVisible = 0;
			defaultConfigurationName = Release;
		};
/* End XCConfigurationList section */
	};
	rootObject = 0492430221F7193100BE515F /* Project object */;
}
